<?xml version="1.0" encoding="utf-8"?>
<Project ToolsVersion="4.0" xmlns="http://schemas.microsoft.com/developer/msbuild/2003">
  <ItemGroup>
    <Filter Include="Source Files">
      <UniqueIdentifier>{4FC737F1-C7A5-4376-A066-2A32D752A2FF}</UniqueIdentifier>
      <Extensions>cpp;c;cc;cxx;c++;cppm;ixx;def;odl;idl;hpj;bat;asm;asmx</Extensions>
    </Filter>
    <Filter Include="Resource Files">
      <UniqueIdentifier>{67DA6AB6-F800-4c08-8B7A-83BB121AAD01}</UniqueIdentifier>
      <Extensions>rc;ico;cur;bmp;dlg;rc2;rct;bin;rgs;gif;jpg;jpeg;jpe;resx;tiff;tif;png;wav;mfcribbon-ms</Extensions>
    </Filter>
    <Filter Include="Source Files\Excercici_1">
      <UniqueIdentifier>{d27237ca-de39-4d74-8175-39bcd50df349}</UniqueIdentifier>
    </Filter>
    <Filter Include="Source Files\Exercici_2">
      <UniqueIdentifier>{2e3fe175-df16-440c-925f-8772a66cbca2}</UniqueIdentifier>
    </Filter>
    <Filter Include="Source Files\Excercici_3">
      <UniqueIdentifier>{3f38c2f2-e330-4107-9dfb-443e147209d2}</UniqueIdentifier>
    </Filter>
    <Filter Include="Header Files">
      <UniqueIdentifier>{93995380-89BD-4b04-88EB-625FBE52EBFB}</UniqueIdentifier>
      <Extensions>h;hh;hpp;hxx;h++;hm;inl;inc;ipp;xsd</Extensions>
    </Filter>
  </ItemGroup>
  <ItemGroup>
    <ClCompile Include="Configuration.cpp">
      <Filter>Source Files\Excercici_1</Filter>
    </ClCompile>
    <ClCompile Include="OCPMain.cpp">
      <Filter>Source Files\Exercici_2</Filter>
    </ClCompile>
    <ClCompile Include="Enemy.cpp">
      <Filter>Source Files\Exercici_2</Filter>
    </ClCompile>
    <ClCompile Include="Ex1_SaveOnDisk.cpp">
      <Filter>Source Files\Excercici_1</Filter>
    </ClCompile>
    <ClCompile Include="Ex1_Main.cpp">
      <Filter>Source Files\Excercici_1</Filter>
    </ClCompile>
    <ClCompile Include="LSP_Main.cpp">
      <Filter>Source Files\Excercici_3</Filter>
    </ClCompile>
  </ItemGroup>
  <ItemGroup>
    <ClInclude Include="Configuration.h">
      <Filter>Source Files\Excercici_1</Filter>
    </ClInclude>
    <ClInclude Include="OCPMain.h">
      <Filter>Source Files\Exercici_2</Filter>
    </ClInclude>
    <ClInclude Include="Enemy.h">
      <Filter>Source Files\Exercici_2</Filter>
    </ClInclude>
    <ClInclude Include="Ex1_SaveOnDisk.h">
      <Filter>Source Files\Excercici_1</Filter>
    </ClInclude>
    <ClInclude Include="Ex1_Main.h">
      <Filter>Source Files\Excercici_1</Filter>
    </ClInclude>
    <ClInclude Include="LSP_Main.h">
      <Filter>Source Files\Excercici_3</Filter>
    </ClInclude>
  </ItemGroup>
</Project>