
Microsoft Visual Studio Solution File, Format Version 12.00
# Visual Studio Version 17
VisualStudioVersion = 17.3.32825.248
MinimumVisualStudioVersion = 10.0.40219.1
Project("{8BC9CEB8-8B4A-11D0-8D11-00A0C91BC942}") = "exam_2", "exam_2\exam_2.vcxproj", "{3FA639EC-59F4-443A-A649-7480507BB013}"
EndProject
Global
	GlobalSection(SolutionConfigurationPlatforms) = preSolution
		Debug|x64 = Debug|x64
		Debug|x86 = Debug|x86
		Release|x64 = Release|x64
		Release|x86 = Release|x86
	EndGlobalSection
	GlobalSection(ProjectConfigurationPlatforms) = postSolution
		{3FA639EC-59F4-443A-A649-7480507BB013}.Debug|x64.ActiveCfg = Debug|x64
		{3FA639EC-59F4-443A-A649-7480507BB013}.Debug|x64.Build.0 = Debug|x64
		{3FA639EC-59F4-443A-A649-7480507BB013}.Debug|x86.ActiveCfg = Debug|Win32
		{3FA639EC-59F4-443A-A649-7480507BB013}.Debug|x86.Build.0 = Debug|Win32
		{3FA639EC-59F4-443A-A649-7480507BB013}.Release|x64.ActiveCfg = Release|x64
		{3FA639EC-59F4-443A-A649-7480507BB013}.Release|x64.Build.0 = Release|x64
		{3FA639EC-59F4-443A-A649-7480507BB013}.Release|x86.ActiveCfg = Release|Win32
		{3FA639EC-59F4-443A-A649-7480507BB013}.Release|x86.Build.0 = Release|Win32
	EndGlobalSection
	GlobalSection(SolutionProperties) = preSolution
		HideSolutionNode = FALSE
	EndGlobalSection
	GlobalSection(ExtensibilityGlobals) = postSolution
		SolutionGuid = {C3254044-7D74-4068-8AA8-EB859776DDC3}
	EndGlobalSection
EndGlobal
